// !$*UTF8*$!
{
	archiveVersion = 1;
	classes = {
	};
	objectVersion = 46;
	objects = {

/* Begin PBXBuildFile section */
		7CBFF5F73E9C84ECA71C1775 /* Pods_Swift_Weather.framework in Frameworks */ = {isa = PBXBuildFile; fileRef = D21573C871D39A2E95ADB6AC /* Pods_Swift_Weather.framework */; };
		90AD4E981C721F66000B2A91 /* AppDelegate.swift in Sources */ = {isa = PBXBuildFile; fileRef = 90AD4E971C721F66000B2A91 /* AppDelegate.swift */; };
		90AD4E9A1C721F66000B2A91 /* ViewController.swift in Sources */ = {isa = PBXBuildFile; fileRef = 90AD4E991C721F66000B2A91 /* ViewController.swift */; };
		90AD4E9D1C721F66000B2A91 /* Main.storyboard in Resources */ = {isa = PBXBuildFile; fileRef = 90AD4E9B1C721F66000B2A91 /* Main.storyboard */; };
		90AD4E9F1C721F67000B2A91 /* Assets.xcassets in Resources */ = {isa = PBXBuildFile; fileRef = 90AD4E9E1C721F67000B2A91 /* Assets.xcassets */; };
		90AD4EA21C721F67000B2A91 /* LaunchScreen.storyboard in Resources */ = {isa = PBXBuildFile; fileRef = 90AD4EA01C721F67000B2A91 /* LaunchScreen.storyboard */; };
		90AD4EAD1C721F67000B2A91 /* Swift_WeatherTests.swift in Sources */ = {isa = PBXBuildFile; fileRef = 90AD4EAC1C721F67000B2A91 /* Swift_WeatherTests.swift */; };
		90AD4EB81C721F67000B2A91 /* Swift_WeatherUITests.swift in Sources */ = {isa = PBXBuildFile; fileRef = 90AD4EB71C721F67000B2A91 /* Swift_WeatherUITests.swift */; };
/* End PBXBuildFile section */

/* Begin PBXContainerItemProxy section */
		90AD4EA91C721F67000B2A91 /* PBXContainerItemProxy */ = {
			isa = PBXContainerItemProxy;
			containerPortal = 90AD4E8C1C721F66000B2A91 /* Project object */;
			proxyType = 1;
			remoteGlobalIDString = 90AD4E931C721F66000B2A91;
			remoteInfo = "Swift Weather";
		};
		90AD4EB41C721F67000B2A91 /* PBXContainerItemProxy */ = {
			isa = PBXContainerItemProxy;
			containerPortal = 90AD4E8C1C721F66000B2A91 /* Project object */;
			proxyType = 1;
			remoteGlobalIDString = 90AD4E931C721F66000B2A91;
			remoteInfo = "Swift Weather";
		};
/* End PBXContainerItemProxy section */

/* Begin PBXFileReference section */
		23DC246D917111C72A9EFA75 /* Pods-Swift Weather.release.xcconfig */ = {isa = PBXFileReference; includeInIndex = 1; lastKnownFileType = text.xcconfig; name = "Pods-Swift Weather.release.xcconfig"; path = "Pods/Target Support Files/Pods-Swift Weather/Pods-Swift Weather.release.xcconfig"; sourceTree = "<group>"; };
		90AD4E941C721F66000B2A91 /* Swift Weather.app */ = {isa = PBXFileReference; explicitFileType = wrapper.application; includeInIndex = 0; path = "Swift Weather.app"; sourceTree = BUILT_PRODUCTS_DIR; };
		90AD4E971C721F66000B2A91 /* AppDelegate.swift */ = {isa = PBXFileReference; lastKnownFileType = sourcecode.swift; path = AppDelegate.swift; sourceTree = "<group>"; };
		90AD4E991C721F66000B2A91 /* ViewController.swift */ = {isa = PBXFileReference; lastKnownFileType = sourcecode.swift; path = ViewController.swift; sourceTree = "<group>"; };
		90AD4E9C1C721F66000B2A91 /* Base */ = {isa = PBXFileReference; lastKnownFileType = file.storyboard; name = Base; path = Base.lproj/Main.storyboard; sourceTree = "<group>"; };
		90AD4E9E1C721F67000B2A91 /* Assets.xcassets */ = {isa = PBXFileReference; lastKnownFileType = folder.assetcatalog; path = Assets.xcassets; sourceTree = "<group>"; };
		90AD4EA11C721F67000B2A91 /* Base */ = {isa = PBXFileReference; lastKnownFileType = file.storyboard; name = Base; path = Base.lproj/LaunchScreen.storyboard; sourceTree = "<group>"; };
		90AD4EA31C721F67000B2A91 /* Info.plist */ = {isa = PBXFileReference; lastKnownFileType = text.plist.xml; path = Info.plist; sourceTree = "<group>"; };
		90AD4EA81C721F67000B2A91 /* Swift WeatherTests.xctest */ = {isa = PBXFileReference; explicitFileType = wrapper.cfbundle; includeInIndex = 0; path = "Swift WeatherTests.xctest"; sourceTree = BUILT_PRODUCTS_DIR; };
		90AD4EAC1C721F67000B2A91 /* Swift_WeatherTests.swift */ = {isa = PBXFileReference; lastKnownFileType = sourcecode.swift; path = Swift_WeatherTests.swift; sourceTree = "<group>"; };
		90AD4EAE1C721F67000B2A91 /* Info.plist */ = {isa = PBXFileReference; lastKnownFileType = text.plist.xml; path = Info.plist; sourceTree = "<group>"; };
		90AD4EB31C721F67000B2A91 /* Swift WeatherUITests.xctest */ = {isa = PBXFileReference; explicitFileType = wrapper.cfbundle; includeInIndex = 0; path = "Swift WeatherUITests.xctest"; sourceTree = BUILT_PRODUCTS_DIR; };
		90AD4EB71C721F67000B2A91 /* Swift_WeatherUITests.swift */ = {isa = PBXFileReference; lastKnownFileType = sourcecode.swift; path = Swift_WeatherUITests.swift; sourceTree = "<group>"; };
		90AD4EB91C721F67000B2A91 /* Info.plist */ = {isa = PBXFileReference; lastKnownFileType = text.plist.xml; path = Info.plist; sourceTree = "<group>"; };
		90F204221C74AF3100450A6F /* SwiftWeather-Bridging-Header.h */ = {isa = PBXFileReference; lastKnownFileType = sourcecode.c.h; path = "SwiftWeather-Bridging-Header.h"; sourceTree = "<group>"; };
		D21573C871D39A2E95ADB6AC /* Pods_Swift_Weather.framework */ = {isa = PBXFileReference; explicitFileType = wrapper.framework; includeInIndex = 0; path = Pods_Swift_Weather.framework; sourceTree = BUILT_PRODUCTS_DIR; };
		EA099DD094A9A0F25AC64C91 /* Pods-Swift Weather.debug.xcconfig */ = {isa = PBXFileReference; includeInIndex = 1; lastKnownFileType = text.xcconfig; name = "Pods-Swift Weather.debug.xcconfig"; path = "Pods/Target Support Files/Pods-Swift Weather/Pods-Swift Weather.debug.xcconfig"; sourceTree = "<group>"; };
/* End PBXFileReference section */

/* Begin PBXFrameworksBuildPhase section */
		90AD4E911C721F66000B2A91 /* Frameworks */ = {
			isa = PBXFrameworksBuildPhase;
			buildActionMask = 2147483647;
			files = (
				7CBFF5F73E9C84ECA71C1775 /* Pods_Swift_Weather.framework in Frameworks */,
			);
			runOnlyForDeploymentPostprocessing = 0;
		};
		90AD4EA51C721F67000B2A91 /* Frameworks */ = {
			isa = PBXFrameworksBuildPhase;
			buildActionMask = 2147483647;
			files = (
			);
			runOnlyForDeploymentPostprocessing = 0;
		};
		90AD4EB01C721F67000B2A91 /* Frameworks */ = {
			isa = PBXFrameworksBuildPhase;
			buildActionMask = 2147483647;
			files = (
			);
			runOnlyForDeploymentPostprocessing = 0;
		};
/* End PBXFrameworksBuildPhase section */

/* Begin PBXGroup section */
		2F14529FBDB4DDA186BA3B4B /* Pods */ = {
			isa = PBXGroup;
			children = (
				EA099DD094A9A0F25AC64C91 /* Pods-Swift Weather.debug.xcconfig */,
				23DC246D917111C72A9EFA75 /* Pods-Swift Weather.release.xcconfig */,
			);
			name = Pods;
			sourceTree = "<group>";
		};
		6C95F8652596E33FAD316AB9 /* Frameworks */ = {
			isa = PBXGroup;
			children = (
				D21573C871D39A2E95ADB6AC /* Pods_Swift_Weather.framework */,
			);
			name = Frameworks;
			sourceTree = "<group>";
		};
		90AD4E8B1C721F66000B2A91 = {
			isa = PBXGroup;
			children = (
				90AD4E961C721F66000B2A91 /* Swift Weather */,
				90AD4EAB1C721F67000B2A91 /* Swift WeatherTests */,
				90AD4EB61C721F67000B2A91 /* Swift WeatherUITests */,
				90AD4E951C721F66000B2A91 /* Products */,
				2F14529FBDB4DDA186BA3B4B /* Pods */,
				6C95F8652596E33FAD316AB9 /* Frameworks */,
			);
			sourceTree = "<group>";
		};
		90AD4E951C721F66000B2A91 /* Products */ = {
			isa = PBXGroup;
			children = (
				90AD4E941C721F66000B2A91 /* Swift Weather.app */,
				90AD4EA81C721F67000B2A91 /* Swift WeatherTests.xctest */,
				90AD4EB31C721F67000B2A91 /* Swift WeatherUITests.xctest */,
			);
			name = Products;
			sourceTree = "<group>";
		};
		90AD4E961C721F66000B2A91 /* Swift Weather */ = {
			isa = PBXGroup;
			children = (
				90AD4E971C721F66000B2A91 /* AppDelegate.swift */,
				90AD4E991C721F66000B2A91 /* ViewController.swift */,
				90AD4E9B1C721F66000B2A91 /* Main.storyboard */,
				90AD4E9E1C721F67000B2A91 /* Assets.xcassets */,
				90AD4EA01C721F67000B2A91 /* LaunchScreen.storyboard */,
				90AD4EA31C721F67000B2A91 /* Info.plist */,
				90F204221C74AF3100450A6F /* SwiftWeather-Bridging-Header.h */,
			);
			path = "Swift Weather";
			sourceTree = "<group>";
		};
		90AD4EAB1C721F67000B2A91 /* Swift WeatherTests */ = {
			isa = PBXGroup;
			children = (
				90AD4EAC1C721F67000B2A91 /* Swift_WeatherTests.swift */,
				90AD4EAE1C721F67000B2A91 /* Info.plist */,
			);
			path = "Swift WeatherTests";
			sourceTree = "<group>";
		};
		90AD4EB61C721F67000B2A91 /* Swift WeatherUITests */ = {
			isa = PBXGroup;
			children = (
				90AD4EB71C721F67000B2A91 /* Swift_WeatherUITests.swift */,
				90AD4EB91C721F67000B2A91 /* Info.plist */,
			);
			path = "Swift WeatherUITests";
			sourceTree = "<group>";
		};
/* End PBXGroup section */

/* Begin PBXNativeTarget section */
		90AD4E931C721F66000B2A91 /* Swift Weather */ = {
			isa = PBXNativeTarget;
			buildConfigurationList = 90AD4EBC1C721F67000B2A91 /* Build configuration list for PBXNativeTarget "Swift Weather" */;
			buildPhases = (
				FF20C04E46E082A535FEC778 /* Check Pods Manifest.lock */,
				90AD4E901C721F66000B2A91 /* Sources */,
				90AD4E911C721F66000B2A91 /* Frameworks */,
				90AD4E921C721F66000B2A91 /* Resources */,
				1F8B3360F4541C5118A0D66B /* Embed Pods Frameworks */,
				7EB1DB4CDD904708B5F00103 /* Copy Pods Resources */,
			);
			buildRules = (
			);
			dependencies = (
			);
			name = "Swift Weather";
			productName = "Swift Weather";
			productReference = 90AD4E941C721F66000B2A91 /* Swift Weather.app */;
			productType = "com.apple.product-type.application";
		};
		90AD4EA71C721F67000B2A91 /* Swift WeatherTests */ = {
			isa = PBXNativeTarget;
			buildConfigurationList = 90AD4EBF1C721F67000B2A91 /* Build configuration list for PBXNativeTarget "Swift WeatherTests" */;
			buildPhases = (
				90AD4EA41C721F67000B2A91 /* Sources */,
				90AD4EA51C721F67000B2A91 /* Frameworks */,
				90AD4EA61C721F67000B2A91 /* Resources */,
			);
			buildRules = (
			);
			dependencies = (
				90AD4EAA1C721F67000B2A91 /* PBXTargetDependency */,
			);
			name = "Swift WeatherTests";
			productName = "Swift WeatherTests";
			productReference = 90AD4EA81C721F67000B2A91 /* Swift WeatherTests.xctest */;
			productType = "com.apple.product-type.bundle.unit-test";
		};
		90AD4EB21C721F67000B2A91 /* Swift WeatherUITests */ = {
			isa = PBXNativeTarget;
			buildConfigurationList = 90AD4EC21C721F67000B2A91 /* Build configuration list for PBXNativeTarget "Swift WeatherUITests" */;
			buildPhases = (
				90AD4EAF1C721F67000B2A91 /* Sources */,
				90AD4EB01C721F67000B2A91 /* Frameworks */,
				90AD4EB11C721F67000B2A91 /* Resources */,
			);
			buildRules = (
			);
			dependencies = (
				90AD4EB51C721F67000B2A91 /* PBXTargetDependency */,
			);
			name = "Swift WeatherUITests";
			productName = "Swift WeatherUITests";
			productReference = 90AD4EB31C721F67000B2A91 /* Swift WeatherUITests.xctest */;
			productType = "com.apple.product-type.bundle.ui-testing";
		};
/* End PBXNativeTarget section */

/* Begin PBXProject section */
		90AD4E8C1C721F66000B2A91 /* Project object */ = {
			isa = PBXProject;
			attributes = {
				LastSwiftUpdateCheck = 0720;
				LastUpgradeCheck = 0720;
				ORGANIZATIONNAME = "周椿杰";
				TargetAttributes = {
					90AD4E931C721F66000B2A91 = {
						CreatedOnToolsVersion = 7.2;
					};
					90AD4EA71C721F67000B2A91 = {
						CreatedOnToolsVersion = 7.2;
						TestTargetID = 90AD4E931C721F66000B2A91;
					};
					90AD4EB21C721F67000B2A91 = {
						CreatedOnToolsVersion = 7.2;
						TestTargetID = 90AD4E931C721F66000B2A91;
					};
				};
			};
			buildConfigurationList = 90AD4E8F1C721F66000B2A91 /* Build configuration list for PBXProject "Swift Weather" */;
			compatibilityVersion = "Xcode 3.2";
			developmentRegion = English;
			hasScannedForEncodings = 0;
			knownRegions = (
				en,
				Base,
			);
			mainGroup = 90AD4E8B1C721F66000B2A91;
			productRefGroup = 90AD4E951C721F66000B2A91 /* Products */;
			projectDirPath = "";
			projectRoot = "";
			targets = (
				90AD4E931C721F66000B2A91 /* Swift Weather */,
				90AD4EA71C721F67000B2A91 /* Swift WeatherTests */,
				90AD4EB21C721F67000B2A91 /* Swift WeatherUITests */,
			);
		};
/* End PBXProject section */

/* Begin PBXResourcesBuildPhase section */
		90AD4E921C721F66000B2A91 /* Resources */ = {
			isa = PBXResourcesBuildPhase;
			buildActionMask = 2147483647;
			files = (
				90AD4EA21C721F67000B2A91 /* LaunchScreen.storyboard in Resources */,
				90AD4E9F1C721F67000B2A91 /* Assets.xcassets in Resources */,
				90AD4E9D1C721F66000B2A91 /* Main.storyboard in Resources */,
			);
			runOnlyForDeploymentPostprocessing = 0;
		};
		90AD4EA61C721F67000B2A91 /* Resources */ = {
			isa = PBXResourcesBuildPhase;
			buildActionMask = 2147483647;
			files = (
			);
			runOnlyForDeploymentPostprocessing = 0;
		};
		90AD4EB11C721F67000B2A91 /* Resources */ = {
			isa = PBXResourcesBuildPhase;
			buildActionMask = 2147483647;
			files = (
			);
			runOnlyForDeploymentPostprocessing = 0;
		};
/* End PBXResourcesBuildPhase section */

/* Begin PBXShellScriptBuildPhase section */
		1F8B3360F4541C5118A0D66B /* Embed Pods Frameworks */ = {
			isa = PBXShellScriptBuildPhase;
			buildActionMask = 2147483647;
			files = (
			);
			inputPaths = (
			);
			name = "Embed Pods Frameworks";
			outputPaths = (
			);
			runOnlyForDeploymentPostprocessing = 0;
			shellPath = /bin/sh;
			shellScript = "\"${SRCROOT}/Pods/Target Support Files/Pods-Swift Weather/Pods-Swift Weather-frameworks.sh\"\n";
			showEnvVarsInLog = 0;
		};
		7EB1DB4CDD904708B5F00103 /* Copy Pods Resources */ = {
			isa = PBXShellScriptBuildPhase;
			buildActionMask = 2147483647;
			files = (
			);
			inputPaths = (
			);
			name = "Copy Pods Resources";
			outputPaths = (
			);
			runOnlyForDeploymentPostprocessing = 0;
			shellPath = /bin/sh;
			shellScript = "\"${SRCROOT}/Pods/Target Support Files/Pods-Swift Weather/Pods-Swift Weather-resources.sh\"\n";
			showEnvVarsInLog = 0;
		};
		FF20C04E46E082A535FEC778 /* Check Pods Manifest.lock */ = {
			isa = PBXShellScriptBuildPhase;
			buildActionMask = 2147483647;
			files = (
			);
			inputPaths = (
			);
			name = "Check Pods Manifest.lock";
			outputPaths = (
			);
			runOnlyForDeploymentPostprocessing = 0;
			shellPath = /bin/sh;
			shellScript = "diff \"${PODS_ROOT}/../Podfile.lock\" \"${PODS_ROOT}/Manifest.lock\" > /dev/null\nif [[ $? != 0 ]] ; then\n    cat << EOM\nerror: The sandbox is not in sync with the Podfile.lock. Run 'pod install' or update your CocoaPods installation.\nEOM\n    exit 1\nfi\n";
			showEnvVarsInLog = 0;
		};
/* End PBXShellScriptBuildPhase section */

/* Begin PBXSourcesBuildPhase section */
		90AD4E901C721F66000B2A91 /* Sources */ = {
			isa = PBXSourcesBuildPhase;
			buildActionMask = 2147483647;
			files = (
				90AD4E9A1C721F66000B2A91 /* ViewController.swift in Sources */,
				90AD4E981C721F66000B2A91 /* AppDelegate.swift in Sources */,
			);
			runOnlyForDeploymentPostprocessing = 0;
		};
		90AD4EA41C721F67000B2A91 /* Sources */ = {
			isa = PBXSourcesBuildPhase;
			buildActionMask = 2147483647;
			files = (
				90AD4EAD1C721F67000B2A91 /* Swift_WeatherTests.swift in Sources */,
			);
			runOnlyForDeploymentPostprocessing = 0;
		};
		90AD4EAF1C721F67000B2A91 /* Sources */ = {
			isa = PBXSourcesBuildPhase;
			buildActionMask = 2147483647;
			files = (
				90AD4EB81C721F67000B2A91 /* Swift_WeatherUITests.swift in Sources */,
			);
			runOnlyForDeploymentPostprocessing = 0;
		};
/* End PBXSourcesBuildPhase section */

/* Begin PBXTargetDependency section */
		90AD4EAA1C721F67000B2A91 /* PBXTargetDependency */ = {
			isa = PBXTargetDependency;
			target = 90AD4E931C721F66000B2A91 /* Swift Weather */;
			targetProxy = 90AD4EA91C721F67000B2A91 /* PBXContainerItemProxy */;
		};
		90AD4EB51C721F67000B2A91 /* PBXTargetDependency */ = {
			isa = PBXTargetDependency;
			target = 90AD4E931C721F66000B2A91 /* Swift Weather */;
			targetProxy = 90AD4EB41C721F67000B2A91 /* PBXContainerItemProxy */;
		};
/* End PBXTargetDependency section */

/* Begin PBXVariantGroup section */
		90AD4E9B1C721F66000B2A91 /* Main.storyboard */ = {
			isa = PBXVariantGroup;
			children = (
				90AD4E9C1C721F66000B2A91 /* Base */,
			);
			name = Main.storyboard;
			sourceTree = "<group>";
		};
		90AD4EA01C721F67000B2A91 /* LaunchScreen.storyboard */ = {
			isa = PBXVariantGroup;
			children = (
				90AD4EA11C721F67000B2A91 /* Base */,
			);
			name = LaunchScreen.storyboard;
			sourceTree = "<group>";
		};
/* End PBXVariantGroup section */

/* Begin XCBuildConfiguration section */
		90AD4EBA1C721F67000B2A91 /* Debug */ = {
			isa = XCBuildConfiguration;
			buildSettings = {
				ALWAYS_SEARCH_USER_PATHS = NO;
				CLANG_CXX_LANGUAGE_STANDARD = "gnu++0x";
				CLANG_CXX_LIBRARY = "libc++";
				CLANG_ENABLE_MODULES = YES;
				CLANG_ENABLE_OBJC_ARC = YES;
				CLANG_WARN_BOOL_CONVERSION = YES;
				CLANG_WARN_CONSTANT_CONVERSION = YES;
				CLANG_WARN_DIRECT_OBJC_ISA_USAGE = YES_ERROR;
				CLANG_WARN_EMPTY_BODY = YES;
				CLANG_WARN_ENUM_CONVERSION = YES;
				CLANG_WARN_INT_CONVERSION = YES;
				CLANG_WARN_OBJC_ROOT_CLASS = YES_ERROR;
				CLANG_WARN_UNREACHABLE_CODE = YES;
				CLANG_WARN__DUPLICATE_METHOD_MATCH = YES;
				"CODE_SIGN_IDENTITY[sdk=iphoneos*]" = "iPhone Developer";
				COPY_PHASE_STRIP = NO;
				DEBUG_INFORMATION_FORMAT = dwarf;
				ENABLE_STRICT_OBJC_MSGSEND = YES;
				ENABLE_TESTABILITY = YES;
				GCC_C_LANGUAGE_STANDARD = gnu99;
				GCC_DYNAMIC_NO_PIC = NO;
				GCC_NO_COMMON_BLOCKS = YES;
				GCC_OPTIMIZATION_LEVEL = 0;
				GCC_PREPROCESSOR_DEFINITIONS = (
					"DEBUG=1",
					"$(inherited)",
				);
				GCC_WARN_64_TO_32_BIT_CONVERSION = YES;
				GCC_WARN_ABOUT_RETURN_TYPE = YES_ERROR;
				GCC_WARN_UNDECLARED_SELECTOR = YES;
				GCC_WARN_UNINITIALIZED_AUTOS = YES_AGGRESSIVE;
				GCC_WARN_UNUSED_FUNCTION = YES;
				GCC_WARN_UNUSED_VARIABLE = YES;
				IPHONEOS_DEPLOYMENT_TARGET = 9.2;
				MTL_ENABLE_DEBUG_INFO = YES;
				ONLY_ACTIVE_ARCH = YES;
				SDKROOT = iphoneos;
				SWIFT_OPTIMIZATION_LEVEL = "-Onone";
			};
			name = Debug;
		};
		90AD4EBB1C721F67000B2A91 /* Release */ = {
			isa = XCBuildConfiguration;
			buildSettings = {
				ALWAYS_SEARCH_USER_PATHS = NO;
				CLANG_CXX_LANGUAGE_STANDARD = "gnu++0x";
				CLANG_CXX_LIBRARY = "libc++";
				CLANG_ENABLE_MODULES = YES;
				CLANG_ENABLE_OBJC_ARC = YES;
				CLANG_WARN_BOOL_CONVERSION = YES;
				CLANG_WARN_CONSTANT_CONVERSION = YES;
				CLANG_WARN_DIRECT_OBJC_ISA_USAGE = YES_ERROR;
				CLANG_WARN_EMPTY_BODY = YES;
				CLANG_WARN_ENUM_CONVERSION = YES;
				CLANG_WARN_INT_CONVERSION = YES;
				CLANG_WARN_OBJC_ROOT_CLASS = YES_ERROR;
				CLANG_WARN_UNREACHABLE_CODE = YES;
				CLANG_WARN__DUPLICATE_METHOD_MATCH = YES;
				"CODE_SIGN_IDENTITY[sdk=iphoneos*]" = "iPhone Developer";
				COPY_PHASE_STRIP = NO;
				DEBUG_INFORMATION_FORMAT = "dwarf-with-dsym";
				ENABLE_NS_ASSERTIONS = NO;
				ENABLE_STRICT_OBJC_MSGSEND = YES;
				GCC_C_LANGUAGE_STANDARD = gnu99;
				GCC_NO_COMMON_BLOCKS = YES;
				GCC_WARN_64_TO_32_BIT_CONVERSION = YES;
				GCC_WARN_ABOUT_RETURN_TYPE = YES_ERROR;
				GCC_WARN_UNDECLARED_SELECTOR = YES;
				GCC_WARN_UNINITIALIZED_AUTOS = YES_AGGRESSIVE;
				GCC_WARN_UNUSED_FUNCTION = YES;
				GCC_WARN_UNUSED_VARIABLE = YES;
				IPHONEOS_DEPLOYMENT_TARGET = 9.2;
				MTL_ENABLE_DEBUG_INFO = NO;
				SDKROOT = iphoneos;
				VALIDATE_PRODUCT = YES;
			};
			name = Release;
		};
		90AD4EBD1C721F67000B2A91 /* Debug */ = {
			isa = XCBuildConfiguration;
			baseConfigurationReference = EA099DD094A9A0F25AC64C91 /* Pods-Swift Weather.debug.xcconfig */;
			buildSettings = {
				ASSETCATALOG_COMPILER_APPICON_NAME = AppIcon;
				INFOPLIST_FILE = "Swift Weather/Info.plist";
				LD_RUNPATH_SEARCH_PATHS = "$(inherited) @executable_path/Frameworks";
				PRODUCT_BUNDLE_IDENTIFIER = "com.leozhou.Swift-Weather";
				PRODUCT_NAME = "$(TARGET_NAME)";
				SWIFT_OBJC_BRIDGING_HEADER = "Swift Weather/SwiftWeather-Bridging-Header.h";
			};
			name = Debug;
		};
		90AD4EBE1C721F67000B2A91 /* Release */ = {
			isa = XCBuildConfiguration;
			baseConfigurationReference = 23DC246D917111C72A9EFA75 /* Pods-Swift Weather.release.xcconfig */;
			buildSettings = {
				ASSETCATALOG_COMPILER_APPICON_NAME = AppIcon;
				INFOPLIST_FILE = "Swift Weather/Info.plist";
				LD_RUNPATH_SEARCH_PATHS = "$(inherited) @executable_path/Frameworks";
				PRODUCT_BUNDLE_IDENTIFIER = "com.leozhou.Swift-Weather";
				PRODUCT_NAME = "$(TARGET_NAME)";
				SWIFT_OBJC_BRIDGING_HEADER = "Swift Weather/SwiftWeather-Bridging-Header.h";
			};
			name = Release;
		};
		90AD4EC01C721F67000B2A91 /* Debug */ = {
			isa = XCBuildConfiguration;
			buildSettings = {
				BUNDLE_LOADER = "$(TEST_HOST)";
				INFOPLIST_FILE = "Swift WeatherTests/Info.plist";
				LD_RUNPATH_SEARCH_PATHS = "$(inherited) @executable_path/Frameworks @loader_path/Frameworks";
				PRODUCT_BUNDLE_IDENTIFIER = "com.leozhou.Swift-WeatherTests";
				PRODUCT_NAME = "$(TARGET_NAME)";
				TEST_HOST = "$(BUILT_PRODUCTS_DIR)/Swift Weather.app/Swift Weather";
			};
			name = Debug;
		};
		90AD4EC11C721F67000B2A91 /* Release */ = {
			isa = XCBuildConfiguration;
			buildSettings = {
				BUNDLE_LOADER = "$(TEST_HOST)";
				INFOPLIST_FILE = "Swift WeatherTests/Info.plist";
				LD_RUNPATH_SEARCH_PATHS = "$(inherited) @executable_path/Frameworks @loader_path/Frameworks";
				PRODUCT_BUNDLE_IDENTIFIER = "com.leozhou.Swift-WeatherTests";
				PRODUCT_NAME = "$(TARGET_NAME)";
				TEST_HOST = "$(BUILT_PRODUCTS_DIR)/Swift Weather.app/Swift Weather";
			};
			name = Release;
		};
		90AD4EC31C721F67000B2A91 /* Debug */ = {
			isa = XCBuildConfiguration;
			buildSettings = {
				INFOPLIST_FILE = "Swift WeatherUITests/Info.plist";
				LD_RUNPATH_SEARCH_PATHS = "$(inherited) @executable_path/Frameworks @loader_path/Frameworks";
				PRODUCT_BUNDLE_IDENTIFIER = "com.leozhou.Swift-WeatherUITests";
				PRODUCT_NAME = "$(TARGET_NAME)";
				TEST_TARGET_NAME = "Swift Weather";
				USES_XCTRUNNER = YES;
			};
			name = Debug;
		};
		90AD4EC41C721F67000B2A91 /* Release */ = {
			isa = XCBuildConfiguration;
			buildSettings = {
				INFOPLIST_FILE = "Swift WeatherUITests/Info.plist";
				LD_RUNPATH_SEARCH_PATHS = "$(inherited) @executable_path/Frameworks @loader_path/Frameworks";
				PRODUCT_BUNDLE_IDENTIFIER = "com.leozhou.Swift-WeatherUITests";
				PRODUCT_NAME = "$(TARGET_NAME)";
				TEST_TARGET_NAME = "Swift Weather";
				USES_XCTRUNNER = YES;
			};
			name = Release;
		};
/* End XCBuildConfiguration section */

/* Begin XCConfigurationList section */
		90AD4E8F1C721F66000B2A91 /* Build configuration list for PBXProject "Swift Weather" */ = {
			isa = XCConfigurationList;
			buildConfigurations = (
				90AD4EBA1C721F67000B2A91 /* Debug */,
				90AD4EBB1C721F67000B2A91 /* Release */,
			);
			defaultConfigurationIsVisible = 0;
			defaultConfigurationName = Release;
		};
		90AD4EBC1C721F67000B2A91 /* Build configuration list for PBXNativeTarget "Swift Weather" */ = {
			isa = XCConfigurationList;
			buildConfigurations = (
				90AD4EBD1C721F67000B2A91 /* Debug */,
				90AD4EBE1C721F67000B2A91 /* Release */,
			);
			defaultConfigurationIsVisible = 0;
			defaultConfigurationName = Release;
		};
		90AD4EBF1C721F67000B2A91 /* Build configuration list for PBXNativeTarget "Swift WeatherTests" */ = {
			isa = XCConfigurationList;
			buildConfigurations = (
				90AD4EC01C721F67000B2A91 /* Debug */,
				90AD4EC11C721F67000B2A91 /* Release */,
			);
			defaultConfigurationIsVisible = 0;
			defaultConfigurationName = Release;
		};
		90AD4EC21C721F67000B2A91 /* Build configuration list for PBXNativeTarget "Swift WeatherUITests" */ = {
			isa = XCConfigurationList;
			buildConfigurations = (
				90AD4EC31C721F67000B2A91 /* Debug */,
				90AD4EC41C721F67000B2A91 /* Release */,
			);
			defaultConfigurationIsVisible = 0;
			defaultConfigurationName = Release;
		};
/* End XCConfigurationList section */
	};
	rootObject = 90AD4E8C1C721F66000B2A91 /* Project object */;
}
